# THIS IS AN AUTOGENERATED FILE. DO NOT EDIT THIS FILE DIRECTLY.
# yarn lockfile v1


vue-material@^0.7.1:
  version "0.7.1"
  resolved "https://registry.yarnpkg.com/vue-material/-/vue-material-0.7.1.tgz#2ed25eb1e2054c21fe323361604c92f40ef5ada1"
  dependencies:
    vue "^2.1.10"

vue@^2.1.10:
  version "2.3.3"
  resolved "https://registry.yarnpkg.com/vue/-/vue-2.3.3.tgz#d1eaa8fde5240735a4563e74f2c7fead9cbb064c"
